// !$*UTF8*$!
{
	archiveVersion = 1;
	classes = {
	};
	objectVersion = 46;
	objects = {

/* Begin PBXBuildFile section */
		5B19598716777D6D00F96191 /* MapKit.framework in Frameworks */ = {isa = PBXBuildFile; fileRef = 5B19598616777D6D00F96191 /* MapKit.framework */; };
		5B19598B16777E0200F96191 /* MapViewController.m in Sources */ = {isa = PBXBuildFile; fileRef = 5B19598A16777E0200F96191 /* MapViewController.m */; };
		5B20B1A51670CED4005C7856 /* page.css in Resources */ = {isa = PBXBuildFile; fileRef = 5B20B1A31670CED4005C7856 /* page.css */; };
		5B20B1AC1670F9AB005C7856 /* Page.m in Sources */ = {isa = PBXBuildFile; fileRef = 5B20B1AB1670F9AB005C7856 /* Page.m */; };
		5B20B1BD1670FC64005C7856 /* background_1.jpg in Resources */ = {isa = PBXBuildFile; fileRef = 5B20B1AE1670FC64005C7856 /* background_1.jpg */; };
		5B20B1BE1670FC64005C7856 /* background_10.jpg in Resources */ = {isa = PBXBuildFile; fileRef = 5B20B1AF1670FC64005C7856 /* background_10.jpg */; };
		5B20B1BF1670FC64005C7856 /* background_11.jpg in Resources */ = {isa = PBXBuildFile; fileRef = 5B20B1B01670FC64005C7856 /* background_11.jpg */; };
		5B20B1C01670FC64005C7856 /* background_12.jpg in Resources */ = {isa = PBXBuildFile; fileRef = 5B20B1B11670FC64005C7856 /* background_12.jpg */; };
		5B20B1C11670FC64005C7856 /* background_13.jpg in Resources */ = {isa = PBXBuildFile; fileRef = 5B20B1B21670FC64005C7856 /* background_13.jpg */; };
		5B20B1C21670FC64005C7856 /* background_14.jpg in Resources */ = {isa = PBXBuildFile; fileRef = 5B20B1B31670FC64005C7856 /* background_14.jpg */; };
		5B20B1C31670FC64005C7856 /* background_15.jpg in Resources */ = {isa = PBXBuildFile; fileRef = 5B20B1B41670FC64005C7856 /* background_15.jpg */; };
		5B20B1C41670FC64005C7856 /* background_2.jpg in Resources */ = {isa = PBXBuildFile; fileRef = 5B20B1B51670FC64005C7856 /* background_2.jpg */; };
		5B20B1C51670FC64005C7856 /* background_3.jpg in Resources */ = {isa = PBXBuildFile; fileRef = 5B20B1B61670FC64005C7856 /* background_3.jpg */; };
		5B20B1C61670FC64005C7856 /* background_4.jpg in Resources */ = {isa = PBXBuildFile; fileRef = 5B20B1B71670FC64005C7856 /* background_4.jpg */; };
		5B20B1C71670FC64005C7856 /* background_5.jpg in Resources */ = {isa = PBXBuildFile; fileRef = 5B20B1B81670FC64005C7856 /* background_5.jpg */; };
		5B20B1C81670FC64005C7856 /* background_6.jpg in Resources */ = {isa = PBXBuildFile; fileRef = 5B20B1B91670FC64005C7856 /* background_6.jpg */; };
		5B20B1C91670FC64005C7856 /* background_7.jpg in Resources */ = {isa = PBXBuildFile; fileRef = 5B20B1BA1670FC64005C7856 /* background_7.jpg */; };
		5B20B1CA1670FC64005C7856 /* background_8.jpg in Resources */ = {isa = PBXBuildFile; fileRef = 5B20B1BB1670FC64005C7856 /* background_8.jpg */; };
		5B20B1CB1670FC64005C7856 /* background_9.jpg in Resources */ = {isa = PBXBuildFile; fileRef = 5B20B1BC1670FC64005C7856 /* background_9.jpg */; };
		5B60AFCE16778DC700A35818 /* StudyInYorkshire.sqlite in Resources */ = {isa = PBXBuildFile; fileRef = 5B60AFCD16778DC700A35818 /* StudyInYorkshire.sqlite */; };
		5B66FED9166F704600BA4C65 /* CoreData.framework in Frameworks */ = {isa = PBXBuildFile; fileRef = 5B66FED8166F704600BA4C65 /* CoreData.framework */; };
		5B66FEE4166F751800BA4C65 /* StudyInYorkshire.xcdatamodeld in Sources */ = {isa = PBXBuildFile; fileRef = 5B66FEE2166F751800BA4C65 /* StudyInYorkshire.xcdatamodeld */; };
		5B66FEFB166FB61600BA4C65 /* icon_favourites.png in Resources */ = {isa = PBXBuildFile; fileRef = 5B66FEEF166FB61600BA4C65 /* icon_favourites.png */; };
		5B66FEFC166FB61600BA4C65 /* icon_favourites@2x.png in Resources */ = {isa = PBXBuildFile; fileRef = 5B66FEF0166FB61600BA4C65 /* icon_favourites@2x.png */; };
		5B66FEFD166FB61600BA4C65 /* icon_home.png in Resources */ = {isa = PBXBuildFile; fileRef = 5B66FEF1166FB61600BA4C65 /* icon_home.png */; };
		5B66FEFE166FB61600BA4C65 /* icon_home@2x.png in Resources */ = {isa = PBXBuildFile; fileRef = 5B66FEF2166FB61600BA4C65 /* icon_home@2x.png */; };
		5B66FEFF166FB61600BA4C65 /* icon_info.png in Resources */ = {isa = PBXBuildFile; fileRef = 5B66FEF3166FB61600BA4C65 /* icon_info.png */; };
		5B66FF00166FB61600BA4C65 /* icon_info@2x.png in Resources */ = {isa = PBXBuildFile; fileRef = 5B66FEF4166FB61600BA4C65 /* icon_info@2x.png */; };
		5B66FF01166FB61600BA4C65 /* icon_map.png in Resources */ = {isa = PBXBuildFile; fileRef = 5B66FEF5166FB61600BA4C65 /* icon_map.png */; };
		5B66FF02166FB61600BA4C65 /* icon_map@2x.png in Resources */ = {isa = PBXBuildFile; fileRef = 5B66FEF6166FB61600BA4C65 /* icon_map@2x.png */; };
		5B66FF03166FB61600BA4C65 /* icon_photo.png in Resources */ = {isa = PBXBuildFile; fileRef = 5B66FEF7166FB61600BA4C65 /* icon_photo.png */; };
		5B66FF04166FB61600BA4C65 /* icon_photo@2x.png in Resources */ = {isa = PBXBuildFile; fileRef = 5B66FEF8166FB61600BA4C65 /* icon_photo@2x.png */; };
		5B66FF05166FB61600BA4C65 /* icon_share.png in Resources */ = {isa = PBXBuildFile; fileRef = 5B66FEF9166FB61600BA4C65 /* icon_share.png */; };
		5B66FF06166FB61600BA4C65 /* icon_share@2x.png in Resources */ = {isa = PBXBuildFile; fileRef = 5B66FEFA166FB61600BA4C65 /* icon_share@2x.png */; };
		5B66FF08166FBCCB00BA4C65 /* Icon.png in Resources */ = {isa = PBXBuildFile; fileRef = 5B66FF07166FBCCB00BA4C65 /* Icon.png */; };
		5B66FF0A166FBCCE00BA4C65 /* Icon@2x.png in Resources */ = {isa = PBXBuildFile; fileRef = 5B66FF09166FBCCD00BA4C65 /* Icon@2x.png */; };
		5B66FF0C166FBCE500BA4C65 /* Icon-72.png in Resources */ = {isa = PBXBuildFile; fileRef = 5B66FF0B166FBCE500BA4C65 /* Icon-72.png */; };
		5B9CEDA31678B4BB00B93934 /* FavouritesViewController.m in Sources */ = {isa = PBXBuildFile; fileRef = 5B9CEDA21678B4BB00B93934 /* FavouritesViewController.m */; };
		5BA294DE167221DA00DE10BD /* assets in Resources */ = {isa = PBXBuildFile; fileRef = 5BA294DD167221DA00DE10BD /* assets */; };
		5BA294FA1672239900DE10BD /* header_1.jpg in Resources */ = {isa = PBXBuildFile; fileRef = 5BA294E01672239900DE10BD /* header_1.jpg */; };
		5BA294FB1672239900DE10BD /* header_10.jpg in Resources */ = {isa = PBXBuildFile; fileRef = 5BA294E11672239900DE10BD /* header_10.jpg */; };
		5BA294FC1672239900DE10BD /* header_11.jpg in Resources */ = {isa = PBXBuildFile; fileRef = 5BA294E21672239900DE10BD /* header_11.jpg */; };
		5BA294FD1672239900DE10BD /* header_12.jpg in Resources */ = {isa = PBXBuildFile; fileRef = 5BA294E31672239900DE10BD /* header_12.jpg */; };
		5BA294FE1672239900DE10BD /* header_13.jpg in Resources */ = {isa = PBXBuildFile; fileRef = 5BA294E41672239900DE10BD /* header_13.jpg */; };
		5BA294FF1672239900DE10BD /* header_14.jpg in Resources */ = {isa = PBXBuildFile; fileRef = 5BA294E51672239900DE10BD /* header_14.jpg */; };
		5BA295001672239900DE10BD /* header_15.jpg in Resources */ = {isa = PBXBuildFile; fileRef = 5BA294E61672239900DE10BD /* header_15.jpg */; };
		5BA295011672239900DE10BD /* header_16.jpg in Resources */ = {isa = PBXBuildFile; fileRef = 5BA294E71672239900DE10BD /* header_16.jpg */; };
		5BA295021672239900DE10BD /* header_17.jpg in Resources */ = {isa = PBXBuildFile; fileRef = 5BA294E81672239900DE10BD /* header_17.jpg */; };
		5BA295031672239900DE10BD /* header_18.jpg in Resources */ = {isa = PBXBuildFile; fileRef = 5BA294E91672239900DE10BD /* header_18.jpg */; };
		5BA295041672239900DE10BD /* header_19.jpg in Resources */ = {isa = PBXBuildFile; fileRef = 5BA294EA1672239900DE10BD /* header_19.jpg */; };
		5BA295051672239900DE10BD /* header_2.jpg in Resources */ = {isa = PBXBuildFile; fileRef = 5BA294EB1672239900DE10BD /* header_2.jpg */; };
		5BA295061672239900DE10BD /* header_20.jpg in Resources */ = {isa = PBXBuildFile; fileRef = 5BA294EC1672239900DE10BD /* header_20.jpg */; };
		5BA295071672239900DE10BD /* header_21.jpg in Resources */ = {isa = PBXBuildFile; fileRef = 5BA294ED1672239900DE10BD /* header_21.jpg */; };
		5BA295081672239900DE10BD /* header_22.jpg in Resources */ = {isa = PBXBuildFile; fileRef = 5BA294EE1672239900DE10BD /* header_22.jpg */; };
		5BA295091672239900DE10BD /* header_23.jpg in Resources */ = {isa = PBXBuildFile; fileRef = 5BA294EF1672239900DE10BD /* header_23.jpg */; };
		5BA2950A1672239900DE10BD /* header_24.jpg in Resources */ = {isa = PBXBuildFile; fileRef = 5BA294F01672239900DE10BD /* header_24.jpg */; };
		5BA2950B1672239900DE10BD /* header_25.jpg in Resources */ = {isa = PBXBuildFile; fileRef = 5BA294F11672239900DE10BD /* header_25.jpg */; };
		5BA2950C1672239900DE10BD /* header_26.jpg in Resources */ = {isa = PBXBuildFile; fileRef = 5BA294F21672239900DE10BD /* header_26.jpg */; };
		5BA2950D1672239900DE10BD /* header_3.jpg in Resources */ = {isa = PBXBuildFile; fileRef = 5BA294F31672239900DE10BD /* header_3.jpg */; };
		5BA2950E1672239900DE10BD /* header_4.jpg in Resources */ = {isa = PBXBuildFile; fileRef = 5BA294F41672239900DE10BD /* header_4.jpg */; };
		5BA2950F1672239900DE10BD /* header_5.jpg in Resources */ = {isa = PBXBuildFile; fileRef = 5BA294F51672239900DE10BD /* header_5.jpg */; };
		5BA295101672239900DE10BD /* header_6.jpg in Resources */ = {isa = PBXBuildFile; fileRef = 5BA294F61672239900DE10BD /* header_6.jpg */; };
		5BA295111672239900DE10BD /* header_7.jpg in Resources */ = {isa = PBXBuildFile; fileRef = 5BA294F71672239900DE10BD /* header_7.jpg */; };
		5BA295121672239900DE10BD /* header_8.jpg in Resources */ = {isa = PBXBuildFile; fileRef = 5BA294F81672239900DE10BD /* header_8.jpg */; };
		5BA295131672239900DE10BD /* header_9.jpg in Resources */ = {isa = PBXBuildFile; fileRef = 5BA294F91672239900DE10BD /* header_9.jpg */; };
		5BA295151672280600DE10BD /* QuartzCore.framework in Frameworks */ = {isa = PBXBuildFile; fileRef = 5BA295141672280600DE10BD /* QuartzCore.framework */; };
		5BB5130E1675FF2B007014E8 /* Photo.m in Sources */ = {isa = PBXBuildFile; fileRef = 5BB5130D1675FF2B007014E8 /* Photo.m */; };
		5BB513491676353A007014E8 /* NICommonMetrics.m in Sources */ = {isa = PBXBuildFile; fileRef = 5BB5131F1676353A007014E8 /* NICommonMetrics.m */; };
		5BB5134A1676353A007014E8 /* NIDataStructures.m in Sources */ = {isa = PBXBuildFile; fileRef = 5BB513211676353A007014E8 /* NIDataStructures.m */; };
		5BB5134B1676353A007014E8 /* NIDebuggingTools.m in Sources */ = {isa = PBXBuildFile; fileRef = 5BB513231676353A007014E8 /* NIDebuggingTools.m */; };
		5BB5134C1676353A007014E8 /* NIDeviceOrientation.m in Sources */ = {isa = PBXBuildFile; fileRef = 5BB513251676353A007014E8 /* NIDeviceOrientation.m */; };
		5BB5134D1676353A007014E8 /* NIError.m in Sources */ = {isa = PBXBuildFile; fileRef = 5BB513271676353A007014E8 /* NIError.m */; };
		5BB5134E1676353A007014E8 /* NIFoundationMethods.m in Sources */ = {isa = PBXBuildFile; fileRef = 5BB513291676353A007014E8 /* NIFoundationMethods.m */; };
		5BB5134F1676353A007014E8 /* NIInMemoryCache.m in Sources */ = {isa = PBXBuildFile; fileRef = 5BB5132B1676353A007014E8 /* NIInMemoryCache.m */; };
		5BB513501676353A007014E8 /* NINavigationAppearance.m in Sources */ = {isa = PBXBuildFile; fileRef = 5BB513301676353A007014E8 /* NINavigationAppearance.m */; };
		5BB513511676353A007014E8 /* NINetworkActivity.m in Sources */ = {isa = PBXBuildFile; fileRef = 5BB513321676353A007014E8 /* NINetworkActivity.m */; };
		5BB513521676353A007014E8 /* NINonEmptyCollectionTesting.m in Sources */ = {isa = PBXBuildFile; fileRef = 5BB513341676353A007014E8 /* NINonEmptyCollectionTesting.m */; };
		5BB513531676353A007014E8 /* NINonRetainingCollections.m in Sources */ = {isa = PBXBuildFile; fileRef = 5BB513361676353A007014E8 /* NINonRetainingCollections.m */; };
		5BB513541676353A007014E8 /* NIOperations.m in Sources */ = {isa = PBXBuildFile; fileRef = 5BB513381676353A007014E8 /* NIOperations.m */; };
		5BB513551676353A007014E8 /* NIPaths.m in Sources */ = {isa = PBXBuildFile; fileRef = 5BB5133B1676353A007014E8 /* NIPaths.m */; };
		5BB513561676353A007014E8 /* NIRuntimeClassModifications.m in Sources */ = {isa = PBXBuildFile; fileRef = 5BB5133E1676353A007014E8 /* NIRuntimeClassModifications.m */; };
		5BB513571676353A007014E8 /* NISDKAvailability.m in Sources */ = {isa = PBXBuildFile; fileRef = 5BB513401676353A007014E8 /* NISDKAvailability.m */; };
		5BB513581676353A007014E8 /* NISnapshotRotation.m in Sources */ = {isa = PBXBuildFile; fileRef = 5BB513421676353A007014E8 /* NISnapshotRotation.m */; };
		5BB513591676353A007014E8 /* NIState.m in Sources */ = {isa = PBXBuildFile; fileRef = 5BB513441676353A007014E8 /* NIState.m */; };
		5BB5135A1676353A007014E8 /* NIViewRecycler.m in Sources */ = {isa = PBXBuildFile; fileRef = 5BB513461676353A007014E8 /* NIViewRecycler.m */; };
		5BB5135B1676353A007014E8 /* NSString+NimbusCore.m in Sources */ = {isa = PBXBuildFile; fileRef = 5BB513481676353A007014E8 /* NSString+NimbusCore.m */; };
		5BB513661676354B007014E8 /* NIPageView.m in Sources */ = {isa = PBXBuildFile; fileRef = 5BB5135F1676354B007014E8 /* NIPageView.m */; };
		5BB513671676354B007014E8 /* NIPagingScrollView.m in Sources */ = {isa = PBXBuildFile; fileRef = 5BB513611676354B007014E8 /* NIPagingScrollView.m */; };
		5BB513771676355F007014E8 /* NIPhotoAlbumScrollView.m in Sources */ = {isa = PBXBuildFile; fileRef = 5BB5136C1676355F007014E8 /* NIPhotoAlbumScrollView.m */; };
		5BB513781676355F007014E8 /* NIPhotoScrollView.m in Sources */ = {isa = PBXBuildFile; fileRef = 5BB513701676355F007014E8 /* NIPhotoScrollView.m */; };
		5BB513791676355F007014E8 /* NIPhotoScrubberView.m in Sources */ = {isa = PBXBuildFile; fileRef = 5BB513741676355F007014E8 /* NIPhotoScrubberView.m */; };
		5BB5137A1676355F007014E8 /* NIToolbarPhotoViewController.m in Sources */ = {isa = PBXBuildFile; fileRef = 5BB513761676355F007014E8 /* NIToolbarPhotoViewController.m */; };
		5BB5138716763888007014E8 /* NimbusPhotos.bundle in Resources */ = {isa = PBXBuildFile; fileRef = 5BB5138616763888007014E8 /* NimbusPhotos.bundle */; };
		5BB51393167645CC007014E8 /* PhotoViewController.m in Sources */ = {isa = PBXBuildFile; fileRef = 5BB51392167645CC007014E8 /* PhotoViewController.m */; };
		5BDE08A6166F61AC007438DD /* UIKit.framework in Frameworks */ = {isa = PBXBuildFile; fileRef = 5BDE08A5166F61AC007438DD /* UIKit.framework */; };
		5BDE08A8166F61AC007438DD /* Foundation.framework in Frameworks */ = {isa = PBXBuildFile; fileRef = 5BDE08A7166F61AC007438DD /* Foundation.framework */; };
		5BDE08AA166F61AC007438DD /* CoreGraphics.framework in Frameworks */ = {isa = PBXBuildFile; fileRef = 5BDE08A9166F61AC007438DD /* CoreGraphics.framework */; };
		5BDE08B0166F61AC007438DD /* InfoPlist.strings in Resources */ = {isa = PBXBuildFile; fileRef = 5BDE08AE166F61AC007438DD /* InfoPlist.strings */; };
		5BDE08B2166F61AC007438DD /* main.m in Sources */ = {isa = PBXBuildFile; fileRef = 5BDE08B1166F61AC007438DD /* main.m */; };
		5BDE08B6166F61AD007438DD /* AppDelegate.m in Sources */ = {isa = PBXBuildFile; fileRef = 5BDE08B5166F61AD007438DD /* AppDelegate.m */; };
		5BDE08B9166F61AD007438DD /* MainStoryboard_iPhone.storyboard in Resources */ = {isa = PBXBuildFile; fileRef = 5BDE08B7166F61AD007438DD /* MainStoryboard_iPhone.storyboard */; };
		5BDE08BC166F61AD007438DD /* MainStoryboard_iPad.storyboard in Resources */ = {isa = PBXBuildFile; fileRef = 5BDE08BA166F61AD007438DD /* MainStoryboard_iPad.storyboard */; };
		5BDE08BF166F61AD007438DD /* PageViewController.m in Sources */ = {isa = PBXBuildFile; fileRef = 5BDE08BE166F61AD007438DD /* PageViewController.m */; };
		5BDE08C6166F61AD007438DD /* PhotosViewController.m in Sources */ = {isa = PBXBuildFile; fileRef = 5BDE08C5166F61AD007438DD /* PhotosViewController.m */; };
/* End PBXBuildFile section */

/* Begin PBXFileReference section */
		5B19598616777D6D00F96191 /* MapKit.framework */ = {isa = PBXFileReference; lastKnownFileType = wrapper.framework; name = MapKit.framework; path = System/Library/Frameworks/MapKit.framework; sourceTree = SDKROOT; };
		5B19598916777E0200F96191 /* MapViewController.h */ = {isa = PBXFileReference; fileEncoding = 4; lastKnownFileType = sourcecode.c.h; path = MapViewController.h; sourceTree = "<group>"; };
		5B19598A16777E0200F96191 /* MapViewController.m */ = {isa = PBXFileReference; fileEncoding = 4; lastKnownFileType = sourcecode.c.objc; path = MapViewController.m; sourceTree = "<group>"; };
		5B20B1A41670CED4005C7856 /* en */ = {isa = PBXFileReference; lastKnownFileType = text.css; name = en; path = en.lproj/page.css; sourceTree = "<group>"; };
		5B20B1AA1670F9AB005C7856 /* Page.h */ = {isa = PBXFileReference; fileEncoding = 4; lastKnownFileType = sourcecode.c.h; path = Page.h; sourceTree = "<group>"; };
		5B20B1AB1670F9AB005C7856 /* Page.m */ = {isa = PBXFileReference; fileEncoding = 4; lastKnownFileType = sourcecode.c.objc; path = Page.m; sourceTree = "<group>"; };
		5B20B1AE1670FC64005C7856 /* background_1.jpg */ = {isa = PBXFileReference; lastKnownFileType = image.jpeg; path = background_1.jpg; sourceTree = "<group>"; };
		5B20B1AF1670FC64005C7856 /* background_10.jpg */ = {isa = PBXFileReference; lastKnownFileType = image.jpeg; path = background_10.jpg; sourceTree = "<group>"; };
		5B20B1B01670FC64005C7856 /* background_11.jpg */ = {isa = PBXFileReference; lastKnownFileType = image.jpeg; path = background_11.jpg; sourceTree = "<group>"; };
		5B20B1B11670FC64005C7856 /* background_12.jpg */ = {isa = PBXFileReference; lastKnownFileType = image.jpeg; path = background_12.jpg; sourceTree = "<group>"; };
		5B20B1B21670FC64005C7856 /* background_13.jpg */ = {isa = PBXFileReference; lastKnownFileType = image.jpeg; path = background_13.jpg; sourceTree = "<group>"; };
		5B20B1B31670FC64005C7856 /* background_14.jpg */ = {isa = PBXFileReference; lastKnownFileType = image.jpeg; path = background_14.jpg; sourceTree = "<group>"; };
		5B20B1B41670FC64005C7856 /* background_15.jpg */ = {isa = PBXFileReference; lastKnownFileType = image.jpeg; path = background_15.jpg; sourceTree = "<group>"; };
		5B20B1B51670FC64005C7856 /* background_2.jpg */ = {isa = PBXFileReference; lastKnownFileType = image.jpeg; path = background_2.jpg; sourceTree = "<group>"; };
		5B20B1B61670FC64005C7856 /* background_3.jpg */ = {isa = PBXFileReference; lastKnownFileType = image.jpeg; path = background_3.jpg; sourceTree = "<group>"; };
		5B20B1B71670FC64005C7856 /* background_4.jpg */ = {isa = PBXFileReference; lastKnownFileType = image.jpeg; path = background_4.jpg; sourceTree = "<group>"; };
		5B20B1B81670FC64005C7856 /* background_5.jpg */ = {isa = PBXFileReference; lastKnownFileType = image.jpeg; path = background_5.jpg; sourceTree = "<group>"; };
		5B20B1B91670FC64005C7856 /* background_6.jpg */ = {isa = PBXFileReference; lastKnownFileType = image.jpeg; path = background_6.jpg; sourceTree = "<group>"; };
		5B20B1BA1670FC64005C7856 /* background_7.jpg */ = {isa = PBXFileReference; lastKnownFileType = image.jpeg; path = background_7.jpg; sourceTree = "<group>"; };
		5B20B1BB1670FC64005C7856 /* background_8.jpg */ = {isa = PBXFileReference; lastKnownFileType = image.jpeg; path = background_8.jpg; sourceTree = "<group>"; };
		5B20B1BC1670FC64005C7856 /* background_9.jpg */ = {isa = PBXFileReference; lastKnownFileType = image.jpeg; path = background_9.jpg; sourceTree = "<group>"; };
		5B60AFCD16778DC700A35818 /* StudyInYorkshire.sqlite */ = {isa = PBXFileReference; lastKnownFileType = file; path = StudyInYorkshire.sqlite; sourceTree = "<group>"; };
		5B66FED8166F704600BA4C65 /* CoreData.framework */ = {isa = PBXFileReference; lastKnownFileType = wrapper.framework; name = CoreData.framework; path = System/Library/Frameworks/CoreData.framework; sourceTree = SDKROOT; };
		5B66FEE3166F751800BA4C65 /* StudyInYorkshire.xcdatamodel */ = {isa = PBXFileReference; lastKnownFileType = wrapper.xcdatamodel; path = StudyInYorkshire.xcdatamodel; sourceTree = "<group>"; };
		5B66FEEF166FB61600BA4C65 /* icon_favourites.png */ = {isa = PBXFileReference; lastKnownFileType = image.png; path = icon_favourites.png; sourceTree = "<group>"; };
		5B66FEF0166FB61600BA4C65 /* icon_favourites@2x.png */ = {isa = PBXFileReference; lastKnownFileType = image.png; path = "icon_favourites@2x.png"; sourceTree = "<group>"; };
		5B66FEF1166FB61600BA4C65 /* icon_home.png */ = {isa = PBXFileReference; lastKnownFileType = image.png; path = icon_home.png; sourceTree = "<group>"; };
		5B66FEF2166FB61600BA4C65 /* icon_home@2x.png */ = {isa = PBXFileReference; lastKnownFileType = image.png; path = "icon_home@2x.png"; sourceTree = "<group>"; };
		5B66FEF3166FB61600BA4C65 /* icon_info.png */ = {isa = PBXFileReference; lastKnownFileType = image.png; path = icon_info.png; sourceTree = "<group>"; };
		5B66FEF4166FB61600BA4C65 /* icon_info@2x.png */ = {isa = PBXFileReference; lastKnownFileType = image.png; path = "icon_info@2x.png"; sourceTree = "<group>"; };
		5B66FEF5166FB61600BA4C65 /* icon_map.png */ = {isa = PBXFileReference; lastKnownFileType = image.png; path = icon_map.png; sourceTree = "<group>"; };
		5B66FEF6166FB61600BA4C65 /* icon_map@2x.png */ = {isa = PBXFileReference; lastKnownFileType = image.png; path = "icon_map@2x.png"; sourceTree = "<group>"; };
		5B66FEF7166FB61600BA4C65 /* icon_photo.png */ = {isa = PBXFileReference; lastKnownFileType = image.png; path = icon_photo.png; sourceTree = "<group>"; };
		5B66FEF8166FB61600BA4C65 /* icon_photo@2x.png */ = {isa = PBXFileReference; lastKnownFileType = image.png; path = "icon_photo@2x.png"; sourceTree = "<group>"; };
		5B66FEF9166FB61600BA4C65 /* icon_share.png */ = {isa = PBXFileReference; lastKnownFileType = image.png; path = icon_share.png; sourceTree = "<group>"; };
		5B66FEFA166FB61600BA4C65 /* icon_share@2x.png */ = {isa = PBXFileReference; lastKnownFileType = image.png; path = "icon_share@2x.png"; sourceTree = "<group>"; };
		5B66FF07166FBCCB00BA4C65 /* Icon.png */ = {isa = PBXFileReference; lastKnownFileType = image.png; name = Icon.png; path = Icons/Icon.png; sourceTree = "<group>"; };
		5B66FF09166FBCCD00BA4C65 /* Icon@2x.png */ = {isa = PBXFileReference; lastKnownFileType = image.png; name = "Icon@2x.png"; path = "Icons/Icon@2x.png"; sourceTree = "<group>"; };
		5B66FF0B166FBCE500BA4C65 /* Icon-72.png */ = {isa = PBXFileReference; lastKnownFileType = image.png; name = "Icon-72.png"; path = "Icons/Icon-72.png"; sourceTree = "<group>"; };
		5B9CEDA11678B4BB00B93934 /* FavouritesViewController.h */ = {isa = PBXFileReference; fileEncoding = 4; lastKnownFileType = sourcecode.c.h; path = FavouritesViewController.h; sourceTree = "<group>"; };
		5B9CEDA21678B4BB00B93934 /* FavouritesViewController.m */ = {isa = PBXFileReference; fileEncoding = 4; lastKnownFileType = sourcecode.c.objc; path = FavouritesViewController.m; sourceTree = "<group>"; };
		5BA294DD167221DA00DE10BD /* assets */ = {isa = PBXFileReference; lastKnownFileType = folder; path = assets; sourceTree = "<group>"; };
		5BA294E01672239900DE10BD /* header_1.jpg */ = {isa = PBXFileReference; lastKnownFileType = image.jpeg; path = header_1.jpg; sourceTree = "<group>"; };
		5BA294E11672239900DE10BD /* header_10.jpg */ = {isa = PBXFileReference; lastKnownFileType = image.jpeg; path = header_10.jpg; sourceTree = "<group>"; };
		5BA294E21672239900DE10BD /* header_11.jpg */ = {isa = PBXFileReference; lastKnownFileType = image.jpeg; path = header_11.jpg; sourceTree = "<group>"; };
		5BA294E31672239900DE10BD /* header_12.jpg */ = {isa = PBXFileReference; lastKnownFileType = image.jpeg; path = header_12.jpg; sourceTree = "<group>"; };
		5BA294E41672239900DE10BD /* header_13.jpg */ = {isa = PBXFileReference; lastKnownFileType = image.jpeg; path = header_13.jpg; sourceTree = "<group>"; };
		5BA294E51672239900DE10BD /* header_14.jpg */ = {isa = PBXFileReference; lastKnownFileType = image.jpeg; path = header_14.jpg; sourceTree = "<group>"; };
		5BA294E61672239900DE10BD /* header_15.jpg */ = {isa = PBXFileReference; lastKnownFileType = image.jpeg; path = header_15.jpg; sourceTree = "<group>"; };
		5BA294E71672239900DE10BD /* header_16.jpg */ = {isa = PBXFileReference; lastKnownFileType = image.jpeg; path = header_16.jpg; sourceTree = "<group>"; };
		5BA294E81672239900DE10BD /* header_17.jpg */ = {isa = PBXFileReference; lastKnownFileType = image.jpeg; path = header_17.jpg; sourceTree = "<group>"; };
		5BA294E91672239900DE10BD /* header_18.jpg */ = {isa = PBXFileReference; lastKnownFileType = image.jpeg; path = header_18.jpg; sourceTree = "<group>"; };
		5BA294EA1672239900DE10BD /* header_19.jpg */ = {isa = PBXFileReference; lastKnownFileType = image.jpeg; path = header_19.jpg; sourceTree = "<group>"; };
		5BA294EB1672239900DE10BD /* header_2.jpg */ = {isa = PBXFileReference; lastKnownFileType = image.jpeg; path = header_2.jpg; sourceTree = "<group>"; };
		5BA294EC1672239900DE10BD /* header_20.jpg */ = {isa = PBXFileReference; lastKnownFileType = image.jpeg; path = header_20.jpg; sourceTree = "<group>"; };
		5BA294ED1672239900DE10BD /* header_21.jpg */ = {isa = PBXFileReference; lastKnownFileType = image.jpeg; path = header_21.jpg; sourceTree = "<group>"; };
		5BA294EE1672239900DE10BD /* header_22.jpg */ = {isa = PBXFileReference; lastKnownFileType = image.jpeg; path = header_22.jpg; sourceTree = "<group>"; };
		5BA294EF1672239900DE10BD /* header_23.jpg */ = {isa = PBXFileReference; lastKnownFileType = image.jpeg; path = header_23.jpg; sourceTree = "<group>"; };
		5BA294F01672239900DE10BD /* header_24.jpg */ = {isa = PBXFileReference; lastKnownFileType = image.jpeg; path = header_24.jpg; sourceTree = "<group>"; };
		5BA294F11672239900DE10BD /* header_25.jpg */ = {isa = PBXFileReference; lastKnownFileType = image.jpeg; path = header_25.jpg; sourceTree = "<group>"; };
		5BA294F21672239900DE10BD /* header_26.jpg */ = {isa = PBXFileReference; lastKnownFileType = image.jpeg; path = header_26.jpg; sourceTree = "<group>"; };
		5BA294F31672239900DE10BD /* header_3.jpg */ = {isa = PBXFileReference; lastKnownFileType = image.jpeg; path = header_3.jpg; sourceTree = "<group>"; };
		5BA294F41672239900DE10BD /* header_4.jpg */ = {isa = PBXFileReference; lastKnownFileType = image.jpeg; path = header_4.jpg; sourceTree = "<group>"; };
		5BA294F51672239900DE10BD /* header_5.jpg */ = {isa = PBXFileReference; lastKnownFileType = image.jpeg; path = header_5.jpg; sourceTree = "<group>"; };
		5BA294F61672239900DE10BD /* header_6.jpg */ = {isa = PBXFileReference; lastKnownFileType = image.jpeg; path = header_6.jpg; sourceTree = "<group>"; };
		5BA294F71672239900DE10BD /* header_7.jpg */ = {isa = PBXFileReference; lastKnownFileType = image.jpeg; path = header_7.jpg; sourceTree = "<group>"; };
		5BA294F81672239900DE10BD /* header_8.jpg */ = {isa = PBXFileReference; lastKnownFileType = image.jpeg; path = header_8.jpg; sourceTree = "<group>"; };
		5BA294F91672239900DE10BD /* header_9.jpg */ = {isa = PBXFileReference; lastKnownFileType = image.jpeg; path = header_9.jpg; sourceTree = "<group>"; };
		5BA295141672280600DE10BD /* QuartzCore.framework */ = {isa = PBXFileReference; lastKnownFileType = wrapper.framework; name = QuartzCore.framework; path = System/Library/Frameworks/QuartzCore.framework; sourceTree = SDKROOT; };
		5BB5130C1675FF2B007014E8 /* Photo.h */ = {isa = PBXFileReference; fileEncoding = 4; lastKnownFileType = sourcecode.c.h; path = Photo.h; sourceTree = "<group>"; };
		5BB5130D1675FF2B007014E8 /* Photo.m */ = {isa = PBXFileReference; fileEncoding = 4; lastKnownFileType = sourcecode.c.objc; path = Photo.m; sourceTree = "<group>"; };
		5BB5131E1676353A007014E8 /* NICommonMetrics.h */ = {isa = PBXFileReference; fileEncoding = 4; lastKnownFileType = sourcecode.c.h; name = NICommonMetrics.h; path = nimbus/src/core/src/NICommonMetrics.h; sourceTree = "<group>"; };
		5BB5131F1676353A007014E8 /* NICommonMetrics.m */ = {isa = PBXFileReference; fileEncoding = 4; lastKnownFileType = sourcecode.c.objc; name = NICommonMetrics.m; path = nimbus/src/core/src/NICommonMetrics.m; sourceTree = "<group>"; };
		5BB513201676353A007014E8 /* NIDataStructures.h */ = {isa = PBXFileReference; fileEncoding = 4; lastKnownFileType = sourcecode.c.h; name = NIDataStructures.h; path = nimbus/src/core/src/NIDataStructures.h; sourceTree = "<group>"; };
		5BB513211676353A007014E8 /* NIDataStructures.m */ = {isa = PBXFileReference; fileEncoding = 4; lastKnownFileType = sourcecode.c.objc; name = NIDataStructures.m; path = nimbus/src/core/src/NIDataStructures.m; sourceTree = "<group>"; };
		5BB513221676353A007014E8 /* NIDebuggingTools.h */ = {isa = PBXFileReference; fileEncoding = 4; lastKnownFileType = sourcecode.c.h; name = NIDebuggingTools.h; path = nimbus/src/core/src/NIDebuggingTools.h; sourceTree = "<group>"; };
		5BB513231676353A007014E8 /* NIDebuggingTools.m */ = {isa = PBXFileReference; fileEncoding = 4; lastKnownFileType = sourcecode.c.objc; name = NIDebuggingTools.m; path = nimbus/src/core/src/NIDebuggingTools.m; sourceTree = "<group>"; };
		5BB513241676353A007014E8 /* NIDeviceOrientation.h */ = {isa = PBXFileReference; fileEncoding = 4; lastKnownFileType = sourcecode.c.h; name = NIDeviceOrientation.h; path = nimbus/src/core/src/NIDeviceOrientation.h; sourceTree = "<group>"; };
		5BB513251676353A007014E8 /* NIDeviceOrientation.m */ = {isa = PBXFileReference; fileEncoding = 4; lastKnownFileType = sourcecode.c.objc; name = NIDeviceOrientation.m; path = nimbus/src/core/src/NIDeviceOrientation.m; sourceTree = "<group>"; };
		5BB513261676353A007014E8 /* NIError.h */ = {isa = PBXFileReference; fileEncoding = 4; lastKnownFileType = sourcecode.c.h; name = NIError.h; path = nimbus/src/core/src/NIError.h; sourceTree = "<group>"; };
		5BB513271676353A007014E8 /* NIError.m */ = {isa = PBXFileReference; fileEncoding = 4; lastKnownFileType = sourcecode.c.objc; name = NIError.m; path = nimbus/src/core/src/NIError.m; sourceTree = "<group>"; };
		5BB513281676353A007014E8 /* NIFoundationMethods.h */ = {isa = PBXFileReference; fileEncoding = 4; lastKnownFileType = sourcecode.c.h; name = NIFoundationMethods.h; path = nimbus/src/core/src/NIFoundationMethods.h; sourceTree = "<group>"; };
		5BB513291676353A007014E8 /* NIFoundationMethods.m */ = {isa = PBXFileReference; fileEncoding = 4; lastKnownFileType = sourcecode.c.objc; name = NIFoundationMethods.m; path = nimbus/src/core/src/NIFoundationMethods.m; sourceTree = "<group>"; };
		5BB5132A1676353A007014E8 /* NIInMemoryCache.h */ = {isa = PBXFileReference; fileEncoding = 4; lastKnownFileType = sourcecode.c.h; name = NIInMemoryCache.h; path = nimbus/src/core/src/NIInMemoryCache.h; sourceTree = "<group>"; };
		5BB5132B1676353A007014E8 /* NIInMemoryCache.m */ = {isa = PBXFileReference; fileEncoding = 4; lastKnownFileType = sourcecode.c.objc; name = NIInMemoryCache.m; path = nimbus/src/core/src/NIInMemoryCache.m; sourceTree = "<group>"; };
		5BB5132C1676353A007014E8 /* NimbusCore.h */ = {isa = PBXFileReference; fileEncoding = 4; lastKnownFileType = sourcecode.c.h; name = NimbusCore.h; path = nimbus/src/core/src/NimbusCore.h; sourceTree = "<group>"; };
		5BB5132D1676353A007014E8 /* NimbusCore+Additions.h */ = {isa = PBXFileReference; fileEncoding = 4; lastKnownFileType = sourcecode.c.h; name = "NimbusCore+Additions.h"; path = "nimbus/src/core/src/NimbusCore+Additions.h"; sourceTree = "<group>"; };
		5BB5132E1676353A007014E8 /* NimbusCore+Namespace.h */ = {isa = PBXFileReference; fileEncoding = 4; lastKnownFileType = sourcecode.c.h; name = "NimbusCore+Namespace.h"; path = "nimbus/src/core/src/NimbusCore+Namespace.h"; sourceTree = "<group>"; };
		5BB5132F1676353A007014E8 /* NINavigationAppearance.h */ = {isa = PBXFileReference; fileEncoding = 4; lastKnownFileType = sourcecode.c.h; name = NINavigationAppearance.h; path = nimbus/src/core/src/NINavigationAppearance.h; sourceTree = "<group>"; };
		5BB513301676353A007014E8 /* NINavigationAppearance.m */ = {isa = PBXFileReference; fileEncoding = 4; lastKnownFileType = sourcecode.c.objc; name = NINavigationAppearance.m; path = nimbus/src/core/src/NINavigationAppearance.m; sourceTree = "<group>"; };
		5BB513311676353A007014E8 /* NINetworkActivity.h */ = {isa = PBXFileReference; fileEncoding = 4; lastKnownFileType = sourcecode.c.h; name = NINetworkActivity.h; path = nimbus/src/core/src/NINetworkActivity.h; sourceTree = "<group>"; };
		5BB513321676353A007014E8 /* NINetworkActivity.m */ = {isa = PBXFileReference; fileEncoding = 4; lastKnownFileType = sourcecode.c.objc; name = NINetworkActivity.m; path = nimbus/src/core/src/NINetworkActivity.m; sourceTree = "<group>"; };
		5BB513331676353A007014E8 /* NINonEmptyCollectionTesting.h */ = {isa = PBXFileReference; fileEncoding = 4; lastKnownFileType = sourcecode.c.h; name = NINonEmptyCollectionTesting.h; path = nimbus/src/core/src/NINonEmptyCollectionTesting.h; sourceTree = "<group>"; };
		5BB513341676353A007014E8 /* NINonEmptyCollectionTesting.m */ = {isa = PBXFileReference; fileEncoding = 4; lastKnownFileType = sourcecode.c.objc; name = NINonEmptyCollectionTesting.m; path = nimbus/src/core/src/NINonEmptyCollectionTesting.m; sourceTree = "<group>"; };
		5BB513351676353A007014E8 /* NINonRetainingCollections.h */ = {isa = PBXFileReference; fileEncoding = 4; lastKnownFileType = sourcecode.c.h; name = NINonRetainingCollections.h; path = nimbus/src/core/src/NINonRetainingCollections.h; sourceTree = "<group>"; };
		5BB513361676353A007014E8 /* NINonRetainingCollections.m */ = {isa = PBXFileReference; fileEncoding = 4; lastKnownFileType = sourcecode.c.objc; name = NINonRetainingCollections.m; path = nimbus/src/core/src/NINonRetainingCollections.m; sourceTree = "<group>"; };
		5BB513371676353A007014E8 /* NIOperations.h */ = {isa = PBXFileReference; fileEncoding = 4; lastKnownFileType = sourcecode.c.h; name = NIOperations.h; path = nimbus/src/core/src/NIOperations.h; sourceTree = "<group>"; };
		5BB513381676353A007014E8 /* NIOperations.m */ = {isa = PBXFileReference; fileEncoding = 4; lastKnownFileType = sourcecode.c.objc; name = NIOperations.m; path = nimbus/src/core/src/NIOperations.m; sourceTree = "<group>"; };
		5BB513391676353A007014E8 /* NIOperations+Subclassing.h */ = {isa = PBXFileReference; fileEncoding = 4; lastKnownFileType = sourcecode.c.h; name = "NIOperations+Subclassing.h"; path = "nimbus/src/core/src/NIOperations+Subclassing.h"; sourceTree = "<group>"; };
		5BB5133A1676353A007014E8 /* NIPaths.h */ = {isa = PBXFileReference; fileEncoding = 4; lastKnownFileType = sourcecode.c.h; name = NIPaths.h; path = nimbus/src/core/src/NIPaths.h; sourceTree = "<group>"; };
		5BB5133B1676353A007014E8 /* NIPaths.m */ = {isa = PBXFileReference; fileEncoding = 4; lastKnownFileType = sourcecode.c.objc; name = NIPaths.m; path = nimbus/src/core/src/NIPaths.m; sourceTree = "<group>"; };
		5BB5133C1676353A007014E8 /* NIPreprocessorMacros.h */ = {isa = PBXFileReference; fileEncoding = 4; lastKnownFileType = sourcecode.c.h; name = NIPreprocessorMacros.h; path = nimbus/src/core/src/NIPreprocessorMacros.h; sourceTree = "<group>"; };
		5BB5133D1676353A007014E8 /* NIRuntimeClassModifications.h */ = {isa = PBXFileReference; fileEncoding = 4; lastKnownFileType = sourcecode.c.h; name = NIRuntimeClassModifications.h; path = nimbus/src/core/src/NIRuntimeClassModifications.h; sourceTree = "<group>"; };
		5BB5133E1676353A007014E8 /* NIRuntimeClassModifications.m */ = {isa = PBXFileReference; fileEncoding = 4; lastKnownFileType = sourcecode.c.objc; name = NIRuntimeClassModifications.m; path = nimbus/src/core/src/NIRuntimeClassModifications.m; sourceTree = "<group>"; };
		5BB5133F1676353A007014E8 /* NISDKAvailability.h */ = {isa = PBXFileReference; fileEncoding = 4; lastKnownFileType = sourcecode.c.h; name = NISDKAvailability.h; path = nimbus/src/core/src/NISDKAvailability.h; sourceTree = "<group>"; };
		5BB513401676353A007014E8 /* NISDKAvailability.m */ = {isa = PBXFileReference; fileEncoding = 4; lastKnownFileType = sourcecode.c.objc; name = NISDKAvailability.m; path = nimbus/src/core/src/NISDKAvailability.m; sourceTree = "<group>"; };
		5BB513411676353A007014E8 /* NISnapshotRotation.h */ = {isa = PBXFileReference; fileEncoding = 4; lastKnownFileType = sourcecode.c.h; name = NISnapshotRotation.h; path = nimbus/src/core/src/NISnapshotRotation.h; sourceTree = "<group>"; };
		5BB513421676353A007014E8 /* NISnapshotRotation.m */ = {isa = PBXFileReference; fileEncoding = 4; lastKnownFileType = sourcecode.c.objc; name = NISnapshotRotation.m; path = nimbus/src/core/src/NISnapshotRotation.m; sourceTree = "<group>"; };
		5BB513431676353A007014E8 /* NIState.h */ = {isa = PBXFileReference; fileEncoding = 4; lastKnownFileType = sourcecode.c.h; name = NIState.h; path = nimbus/src/core/src/NIState.h; sourceTree = "<group>"; };
		5BB513441676353A007014E8 /* NIState.m */ = {isa = PBXFileReference; fileEncoding = 4; lastKnownFileType = sourcecode.c.objc; name = NIState.m; path = nimbus/src/core/src/NIState.m; sourceTree = "<group>"; };
		5BB513451676353A007014E8 /* NIViewRecycler.h */ = {isa = PBXFileReference; fileEncoding = 4; lastKnownFileType = sourcecode.c.h; name = NIViewRecycler.h; path = nimbus/src/core/src/NIViewRecycler.h; sourceTree = "<group>"; };
		5BB513461676353A007014E8 /* NIViewRecycler.m */ = {isa = PBXFileReference; fileEncoding = 4; lastKnownFileType = sourcecode.c.objc; name = NIViewRecycler.m; path = nimbus/src/core/src/NIViewRecycler.m; sourceTree = "<group>"; };
		5BB513471676353A007014E8 /* NSString+NimbusCore.h */ = {isa = PBXFileReference; fileEncoding = 4; lastKnownFileType = sourcecode.c.h; name = "NSString+NimbusCore.h"; path = "nimbus/src/core/src/NSString+NimbusCore.h"; sourceTree = "<group>"; };
		5BB513481676353A007014E8 /* NSString+NimbusCore.m */ = {isa = PBXFileReference; fileEncoding = 4; lastKnownFileType = sourcecode.c.objc; name = "NSString+NimbusCore.m"; path = "nimbus/src/core/src/NSString+NimbusCore.m"; sourceTree = "<group>"; };
		5BB5135C1676354B007014E8 /* NimbusPagingScrollView.h */ = {isa = PBXFileReference; fileEncoding = 4; lastKnownFileType = sourcecode.c.h; name = NimbusPagingScrollView.h; path = nimbus/src/pagingscrollview/src/NimbusPagingScrollView.h; sourceTree = "<group>"; };
		5BB5135D1676354B007014E8 /* NimbusPagingScrollView+Namespace.h */ = {isa = PBXFileReference; fileEncoding = 4; lastKnownFileType = sourcecode.c.h; name = "NimbusPagingScrollView+Namespace.h"; path = "nimbus/src/pagingscrollview/src/NimbusPagingScrollView+Namespace.h"; sourceTree = "<group>"; };
		5BB5135E1676354B007014E8 /* NIPageView.h */ = {isa = PBXFileReference; fileEncoding = 4; lastKnownFileType = sourcecode.c.h; name = NIPageView.h; path = nimbus/src/pagingscrollview/src/NIPageView.h; sourceTree = "<group>"; };
		5BB5135F1676354B007014E8 /* NIPageView.m */ = {isa = PBXFileReference; fileEncoding = 4; lastKnownFileType = sourcecode.c.objc; name = NIPageView.m; path = nimbus/src/pagingscrollview/src/NIPageView.m; sourceTree = "<group>"; };
		5BB513601676354B007014E8 /* NIPagingScrollView.h */ = {isa = PBXFileReference; fileEncoding = 4; lastKnownFileType = sourcecode.c.h; name = NIPagingScrollView.h; path = nimbus/src/pagingscrollview/src/NIPagingScrollView.h; sourceTree = "<group>"; };
		5BB513611676354B007014E8 /* NIPagingScrollView.m */ = {isa = PBXFileReference; fileEncoding = 4; lastKnownFileType = sourcecode.c.objc; name = NIPagingScrollView.m; path = nimbus/src/pagingscrollview/src/NIPagingScrollView.m; sourceTree = "<group>"; };
		5BB513621676354B007014E8 /* NIPagingScrollView+Subclassing.h */ = {isa = PBXFileReference; fileEncoding = 4; lastKnownFileType = sourcecode.c.h; name = "NIPagingScrollView+Subclassing.h"; path = "nimbus/src/pagingscrollview/src/NIPagingScrollView+Subclassing.h"; sourceTree = "<group>"; };
		5BB513631676354B007014E8 /* NIPagingScrollViewDataSource.h */ = {isa = PBXFileReference; fileEncoding = 4; lastKnownFileType = sourcecode.c.h; name = NIPagingScrollViewDataSource.h; path = nimbus/src/pagingscrollview/src/NIPagingScrollViewDataSource.h; sourceTree = "<group>"; };
		5BB513641676354B007014E8 /* NIPagingScrollViewDelegate.h */ = {isa = PBXFileReference; fileEncoding = 4; lastKnownFileType = sourcecode.c.h; name = NIPagingScrollViewDelegate.h; path = nimbus/src/pagingscrollview/src/NIPagingScrollViewDelegate.h; sourceTree = "<group>"; };
		5BB513651676354B007014E8 /* NIPagingScrollViewPage.h */ = {isa = PBXFileReference; fileEncoding = 4; lastKnownFileType = sourcecode.c.h; name = NIPagingScrollViewPage.h; path = nimbus/src/pagingscrollview/src/NIPagingScrollViewPage.h; sourceTree = "<group>"; };
		5BB513691676355F007014E8 /* NimbusPhotos.h */ = {isa = PBXFileReference; fileEncoding = 4; lastKnownFileType = sourcecode.c.h; name = NimbusPhotos.h; path = nimbus/src/photos/src/NimbusPhotos.h; sourceTree = "<group>"; };
		5BB5136A1676355F007014E8 /* NimbusPhotos+Namespace.h */ = {isa = PBXFileReference; fileEncoding = 4; lastKnownFileType = sourcecode.c.h; name = "NimbusPhotos+Namespace.h"; path = "nimbus/src/photos/src/NimbusPhotos+Namespace.h"; sourceTree = "<group>"; };
		5BB5136B1676355F007014E8 /* NIPhotoAlbumScrollView.h */ = {isa = PBXFileReference; fileEncoding = 4; lastKnownFileType = sourcecode.c.h; name = NIPhotoAlbumScrollView.h; path = nimbus/src/photos/src/NIPhotoAlbumScrollView.h; sourceTree = "<group>"; };
		5BB5136C1676355F007014E8 /* NIPhotoAlbumScrollView.m */ = {isa = PBXFileReference; fileEncoding = 4; lastKnownFileType = sourcecode.c.objc; name = NIPhotoAlbumScrollView.m; path = nimbus/src/photos/src/NIPhotoAlbumScrollView.m; sourceTree = "<group>"; };
		5BB5136D1676355F007014E8 /* NIPhotoAlbumScrollViewDataSource.h */ = {isa = PBXFileReference; fileEncoding = 4; lastKnownFileType = sourcecode.c.h; name = NIPhotoAlbumScrollViewDataSource.h; path = nimbus/src/photos/src/NIPhotoAlbumScrollViewDataSource.h; sourceTree = "<group>"; };
		5BB5136E1676355F007014E8 /* NIPhotoAlbumScrollViewDelegate.h */ = {isa = PBXFileReference; fileEncoding = 4; lastKnownFileType = sourcecode.c.h; name = NIPhotoAlbumScrollViewDelegate.h; path = nimbus/src/photos/src/NIPhotoAlbumScrollViewDelegate.h; sourceTree = "<group>"; };
		5BB5136F1676355F007014E8 /* NIPhotoScrollView.h */ = {isa = PBXFileReference; fileEncoding = 4; lastKnownFileType = sourcecode.c.h; name = NIPhotoScrollView.h; path = nimbus/src/photos/src/NIPhotoScrollView.h; sourceTree = "<group>"; };
		5BB513701676355F007014E8 /* NIPhotoScrollView.m */ = {isa = PBXFileReference; fileEncoding = 4; lastKnownFileType = sourcecode.c.objc; name = NIPhotoScrollView.m; path = nimbus/src/photos/src/NIPhotoScrollView.m; sourceTree = "<group>"; };
		5BB513711676355F007014E8 /* NIPhotoScrollViewDelegate.h */ = {isa = PBXFileReference; fileEncoding = 4; lastKnownFileType = sourcecode.c.h; name = NIPhotoScrollViewDelegate.h; path = nimbus/src/photos/src/NIPhotoScrollViewDelegate.h; sourceTree = "<group>"; };
		5BB513721676355F007014E8 /* NIPhotoScrollViewPhotoSize.h */ = {isa = PBXFileReference; fileEncoding = 4; lastKnownFileType = sourcecode.c.h; name = NIPhotoScrollViewPhotoSize.h; path = nimbus/src/photos/src/NIPhotoScrollViewPhotoSize.h; sourceTree = "<group>"; };
		5BB513731676355F007014E8 /* NIPhotoScrubberView.h */ = {isa = PBXFileReference; fileEncoding = 4; lastKnownFileType = sourcecode.c.h; name = NIPhotoScrubberView.h; path = nimbus/src/photos/src/NIPhotoScrubberView.h; sourceTree = "<group>"; };
		5BB513741676355F007014E8 /* NIPhotoScrubberView.m */ = {isa = PBXFileReference; fileEncoding = 4; lastKnownFileType = sourcecode.c.objc; name = NIPhotoScrubberView.m; path = nimbus/src/photos/src/NIPhotoScrubberView.m; sourceTree = "<group>"; };
		5BB513751676355F007014E8 /* NIToolbarPhotoViewController.h */ = {isa = PBXFileReference; fileEncoding = 4; lastKnownFileType = sourcecode.c.h; name = NIToolbarPhotoViewController.h; path = nimbus/src/photos/src/NIToolbarPhotoViewController.h; sourceTree = "<group>"; };
		5BB513761676355F007014E8 /* NIToolbarPhotoViewController.m */ = {isa = PBXFileReference; fileEncoding = 4; lastKnownFileType = sourcecode.c.objc; name = NIToolbarPhotoViewController.m; path = nimbus/src/photos/src/NIToolbarPhotoViewController.m; sourceTree = "<group>"; };
		5BB5138616763888007014E8 /* NimbusPhotos.bundle */ = {isa = PBXFileReference; lastKnownFileType = "wrapper.plug-in"; path = NimbusPhotos.bundle; sourceTree = "<group>"; };
		5BB51391167645CC007014E8 /* PhotoViewController.h */ = {isa = PBXFileReference; fileEncoding = 4; lastKnownFileType = sourcecode.c.h; path = PhotoViewController.h; sourceTree = "<group>"; };
		5BB51392167645CC007014E8 /* PhotoViewController.m */ = {isa = PBXFileReference; fileEncoding = 4; lastKnownFileType = sourcecode.c.objc; path = PhotoViewController.m; sourceTree = "<group>"; };
		5BDE08A1166F61AC007438DD /* StudyInYorkshire.app */ = {isa = PBXFileReference; explicitFileType = wrapper.application; includeInIndex = 0; path = StudyInYorkshire.app; sourceTree = BUILT_PRODUCTS_DIR; };
		5BDE08A5166F61AC007438DD /* UIKit.framework */ = {isa = PBXFileReference; lastKnownFileType = wrapper.framework; name = UIKit.framework; path = System/Library/Frameworks/UIKit.framework; sourceTree = SDKROOT; };
		5BDE08A7166F61AC007438DD /* Foundation.framework */ = {isa = PBXFileReference; lastKnownFileType = wrapper.framework; name = Foundation.framework; path = System/Library/Frameworks/Foundation.framework; sourceTree = SDKROOT; };
		5BDE08A9166F61AC007438DD /* CoreGraphics.framework */ = {isa = PBXFileReference; lastKnownFileType = wrapper.framework; name = CoreGraphics.framework; path = System/Library/Frameworks/CoreGraphics.framework; sourceTree = SDKROOT; };
		5BDE08AD166F61AC007438DD /* StudyInYorkshire-Info.plist */ = {isa = PBXFileReference; lastKnownFileType = text.plist.xml; path = "StudyInYorkshire-Info.plist"; sourceTree = "<group>"; };
		5BDE08AF166F61AC007438DD /* en */ = {isa = PBXFileReference; lastKnownFileType = text.plist.strings; name = en; path = en.lproj/InfoPlist.strings; sourceTree = "<group>"; };
		5BDE08B1166F61AC007438DD /* main.m */ = {isa = PBXFileReference; lastKnownFileType = sourcecode.c.objc; path = main.m; sourceTree = "<group>"; };
		5BDE08B3166F61AC007438DD /* StudyInYorkshire-Prefix.pch */ = {isa = PBXFileReference; lastKnownFileType = sourcecode.c.h; path = "StudyInYorkshire-Prefix.pch"; sourceTree = "<group>"; };
		5BDE08B4166F61AD007438DD /* AppDelegate.h */ = {isa = PBXFileReference; lastKnownFileType = sourcecode.c.h; path = AppDelegate.h; sourceTree = "<group>"; };
		5BDE08B5166F61AD007438DD /* AppDelegate.m */ = {isa = PBXFileReference; lastKnownFileType = sourcecode.c.objc; path = AppDelegate.m; sourceTree = "<group>"; };
		5BDE08B8166F61AD007438DD /* en */ = {isa = PBXFileReference; lastKnownFileType = file.storyboard; name = en; path = en.lproj/MainStoryboard_iPhone.storyboard; sourceTree = "<group>"; };
		5BDE08BB166F61AD007438DD /* en */ = {isa = PBXFileReference; lastKnownFileType = file.storyboard; name = en; path = en.lproj/MainStoryboard_iPad.storyboard; sourceTree = "<group>"; };
		5BDE08BD166F61AD007438DD /* PageViewController.h */ = {isa = PBXFileReference; lastKnownFileType = sourcecode.c.h; path = PageViewController.h; sourceTree = "<group>"; };
		5BDE08BE166F61AD007438DD /* PageViewController.m */ = {isa = PBXFileReference; lastKnownFileType = sourcecode.c.objc; path = PageViewController.m; sourceTree = "<group>"; };
		5BDE08C4166F61AD007438DD /* PhotosViewController.h */ = {isa = PBXFileReference; lastKnownFileType = sourcecode.c.h; path = PhotosViewController.h; sourceTree = "<group>"; };
		5BDE08C5166F61AD007438DD /* PhotosViewController.m */ = {isa = PBXFileReference; lastKnownFileType = sourcecode.c.objc; path = PhotosViewController.m; sourceTree = "<group>"; };
/* End PBXFileReference section */

/* Begin PBXFrameworksBuildPhase section */
		5BDE089E166F61AC007438DD /* Frameworks */ = {
			isa = PBXFrameworksBuildPhase;
			buildActionMask = 2147483647;
			files = (
				5B19598716777D6D00F96191 /* MapKit.framework in Frameworks */,
				5BA295151672280600DE10BD /* QuartzCore.framework in Frameworks */,
				5B66FED9166F704600BA4C65 /* CoreData.framework in Frameworks */,
				5BDE08A6166F61AC007438DD /* UIKit.framework in Frameworks */,
				5BDE08A8166F61AC007438DD /* Foundation.framework in Frameworks */,
				5BDE08AA166F61AC007438DD /* CoreGraphics.framework in Frameworks */,
			);
			runOnlyForDeploymentPostprocessing = 0;
		};
/* End PBXFrameworksBuildPhase section */

/* Begin PBXGroup section */
		5B20B1AD1670FC64005C7856 /* Backgrounds */ = {
			isa = PBXGroup;
			children = (
				5B20B1AE1670FC64005C7856 /* background_1.jpg */,
				5B20B1AF1670FC64005C7856 /* background_10.jpg */,
				5B20B1B01670FC64005C7856 /* background_11.jpg */,
				5B20B1B11670FC64005C7856 /* background_12.jpg */,
				5B20B1B21670FC64005C7856 /* background_13.jpg */,
				5B20B1B31670FC64005C7856 /* background_14.jpg */,
				5B20B1B41670FC64005C7856 /* background_15.jpg */,
				5B20B1B51670FC64005C7856 /* background_2.jpg */,
				5B20B1B61670FC64005C7856 /* background_3.jpg */,
				5B20B1B71670FC64005C7856 /* background_4.jpg */,
				5B20B1B81670FC64005C7856 /* background_5.jpg */,
				5B20B1B91670FC64005C7856 /* background_6.jpg */,
				5B20B1BA1670FC64005C7856 /* background_7.jpg */,
				5B20B1BB1670FC64005C7856 /* background_8.jpg */,
				5B20B1BC1670FC64005C7856 /* background_9.jpg */,
			);
			path = Backgrounds;
			sourceTree = "<group>";
		};
		5B66FE9C166F6E6100BA4C65 /* View Controllers */ = {
			isa = PBXGroup;
			children = (
				5BDE08BD166F61AD007438DD /* PageViewController.h */,
				5BDE08BE166F61AD007438DD /* PageViewController.m */,
				5BDE08C4166F61AD007438DD /* PhotosViewController.h */,
				5BDE08C5166F61AD007438DD /* PhotosViewController.m */,
				5BB51391167645CC007014E8 /* PhotoViewController.h */,
				5BB51392167645CC007014E8 /* PhotoViewController.m */,
				5B19598916777E0200F96191 /* MapViewController.h */,
				5B19598A16777E0200F96191 /* MapViewController.m */,
				5B9CEDA11678B4BB00B93934 /* FavouritesViewController.h */,
				5B9CEDA21678B4BB00B93934 /* FavouritesViewController.m */,
			);
			name = "View Controllers";
			sourceTree = "<group>";
		};
		5B66FEDD166F718900BA4C65 /* Models */ = {
			isa = PBXGroup;
			children = (
				5B20B1AA1670F9AB005C7856 /* Page.h */,
				5B20B1AB1670F9AB005C7856 /* Page.m */,
				5BB5130C1675FF2B007014E8 /* Photo.h */,
				5BB5130D1675FF2B007014E8 /* Photo.m */,
				5B66FEE2166F751800BA4C65 /* StudyInYorkshire.xcdatamodeld */,
			);
			name = Models;
			sourceTree = "<group>";
		};
		5B66FEED166FB61600BA4C65 /* Images */ = {
			isa = PBXGroup;
			children = (
				5BA294DF1672239900DE10BD /* Headers */,
				5B20B1AD1670FC64005C7856 /* Backgrounds */,
				5B7ECFAD16709CF700D80B8B /* App icons */,
				5B66FEEE166FB61600BA4C65 /* Tab icons */,
			);
			path = Images;
			sourceTree = "<group>";
		};
		5B66FEEE166FB61600BA4C65 /* Tab icons */ = {
			isa = PBXGroup;
			children = (
				5B66FEEF166FB61600BA4C65 /* icon_favourites.png */,
				5B66FEF0166FB61600BA4C65 /* icon_favourites@2x.png */,
				5B66FEF1166FB61600BA4C65 /* icon_home.png */,
				5B66FEF2166FB61600BA4C65 /* icon_home@2x.png */,
				5B66FEF3166FB61600BA4C65 /* icon_info.png */,
				5B66FEF4166FB61600BA4C65 /* icon_info@2x.png */,
				5B66FEF5166FB61600BA4C65 /* icon_map.png */,
				5B66FEF6166FB61600BA4C65 /* icon_map@2x.png */,
				5B66FEF7166FB61600BA4C65 /* icon_photo.png */,
				5B66FEF8166FB61600BA4C65 /* icon_photo@2x.png */,
				5B66FEF9166FB61600BA4C65 /* icon_share.png */,
				5B66FEFA166FB61600BA4C65 /* icon_share@2x.png */,
			);
			path = "Tab icons";
			sourceTree = "<group>";
		};
		5B7ECFAD16709CF700D80B8B /* App icons */ = {
			isa = PBXGroup;
			children = (
				5B66FF0B166FBCE500BA4C65 /* Icon-72.png */,
				5B66FF09166FBCCD00BA4C65 /* Icon@2x.png */,
				5B66FF07166FBCCB00BA4C65 /* Icon.png */,
			);
			name = "App icons";
			sourceTree = "<group>";
		};
		5BA294DF1672239900DE10BD /* Headers */ = {
			isa = PBXGroup;
			children = (
				5BA294E01672239900DE10BD /* header_1.jpg */,
				5BA294E11672239900DE10BD /* header_10.jpg */,
				5BA294E21672239900DE10BD /* header_11.jpg */,
				5BA294E31672239900DE10BD /* header_12.jpg */,
				5BA294E41672239900DE10BD /* header_13.jpg */,
				5BA294E51672239900DE10BD /* header_14.jpg */,
				5BA294E61672239900DE10BD /* header_15.jpg */,
				5BA294E71672239900DE10BD /* header_16.jpg */,
				5BA294E81672239900DE10BD /* header_17.jpg */,
				5BA294E91672239900DE10BD /* header_18.jpg */,
				5BA294EA1672239900DE10BD /* header_19.jpg */,
				5BA294EB1672239900DE10BD /* header_2.jpg */,
				5BA294EC1672239900DE10BD /* header_20.jpg */,
				5BA294ED1672239900DE10BD /* header_21.jpg */,
				5BA294EE1672239900DE10BD /* header_22.jpg */,
				5BA294EF1672239900DE10BD /* header_23.jpg */,
				5BA294F01672239900DE10BD /* header_24.jpg */,
				5BA294F11672239900DE10BD /* header_25.jpg */,
				5BA294F21672239900DE10BD /* header_26.jpg */,
				5BA294F31672239900DE10BD /* header_3.jpg */,
				5BA294F41672239900DE10BD /* header_4.jpg */,
				5BA294F51672239900DE10BD /* header_5.jpg */,
				5BA294F61672239900DE10BD /* header_6.jpg */,
				5BA294F71672239900DE10BD /* header_7.jpg */,
				5BA294F81672239900DE10BD /* header_8.jpg */,
				5BA294F91672239900DE10BD /* header_9.jpg */,
			);
			path = Headers;
			sourceTree = "<group>";
		};
		5BB5131B167634BC007014E8 /* Nimbus */ = {
			isa = PBXGroup;
			children = (
				5BB5131C167634D0007014E8 /* Core */,
				5BB5131D167634FA007014E8 /* PagingScrollView */,
				5BB513681676354F007014E8 /* Photos */,
			);
			name = Nimbus;
			sourceTree = "<group>";
		};
		5BB5131C167634D0007014E8 /* Core */ = {
			isa = PBXGroup;
			children = (
				5BB5131E1676353A007014E8 /* NICommonMetrics.h */,
				5BB5131F1676353A007014E8 /* NICommonMetrics.m */,
				5BB513201676353A007014E8 /* NIDataStructures.h */,
				5BB513211676353A007014E8 /* NIDataStructures.m */,
				5BB513221676353A007014E8 /* NIDebuggingTools.h */,
				5BB513231676353A007014E8 /* NIDebuggingTools.m */,
				5BB513241676353A007014E8 /* NIDeviceOrientation.h */,
				5BB513251676353A007014E8 /* NIDeviceOrientation.m */,
				5BB513261676353A007014E8 /* NIError.h */,
				5BB513271676353A007014E8 /* NIError.m */,
				5BB513281676353A007014E8 /* NIFoundationMethods.h */,
				5BB513291676353A007014E8 /* NIFoundationMethods.m */,
				5BB5132A1676353A007014E8 /* NIInMemoryCache.h */,
				5BB5132B1676353A007014E8 /* NIInMemoryCache.m */,
				5BB5132C1676353A007014E8 /* NimbusCore.h */,
				5BB5132D1676353A007014E8 /* NimbusCore+Additions.h */,
				5BB5132E1676353A007014E8 /* NimbusCore+Namespace.h */,
				5BB5132F1676353A007014E8 /* NINavigationAppearance.h */,
				5BB513301676353A007014E8 /* NINavigationAppearance.m */,
				5BB513311676353A007014E8 /* NINetworkActivity.h */,
				5BB513321676353A007014E8 /* NINetworkActivity.m */,
				5BB513331676353A007014E8 /* NINonEmptyCollectionTesting.h */,
				5BB513341676353A007014E8 /* NINonEmptyCollectionTesting.m */,
				5BB513351676353A007014E8 /* NINonRetainingCollections.h */,
				5BB513361676353A007014E8 /* NINonRetainingCollections.m */,
				5BB513371676353A007014E8 /* NIOperations.h */,
				5BB513381676353A007014E8 /* NIOperations.m */,
				5BB513391676353A007014E8 /* NIOperations+Subclassing.h */,
				5BB5133A1676353A007014E8 /* NIPaths.h */,
				5BB5133B1676353A007014E8 /* NIPaths.m */,
				5BB5133C1676353A007014E8 /* NIPreprocessorMacros.h */,
				5BB5133D1676353A007014E8 /* NIRuntimeClassModifications.h */,
				5BB5133E1676353A007014E8 /* NIRuntimeClassModifications.m */,
				5BB5133F1676353A007014E8 /* NISDKAvailability.h */,
				5BB513401676353A007014E8 /* NISDKAvailability.m */,
				5BB513411676353A007014E8 /* NISnapshotRotation.h */,
				5BB513421676353A007014E8 /* NISnapshotRotation.m */,
				5BB513431676353A007014E8 /* NIState.h */,
				5BB513441676353A007014E8 /* NIState.m */,
				5BB513451676353A007014E8 /* NIViewRecycler.h */,
				5BB513461676353A007014E8 /* NIViewRecycler.m */,
				5BB513471676353A007014E8 /* NSString+NimbusCore.h */,
				5BB513481676353A007014E8 /* NSString+NimbusCore.m */,
			);
			name = Core;
			sourceTree = "<group>";
		};
		5BB5131D167634FA007014E8 /* PagingScrollView */ = {
			isa = PBXGroup;
			children = (
				5BB5135C1676354B007014E8 /* NimbusPagingScrollView.h */,
				5BB5135D1676354B007014E8 /* NimbusPagingScrollView+Namespace.h */,
				5BB5135E1676354B007014E8 /* NIPageView.h */,
				5BB5135F1676354B007014E8 /* NIPageView.m */,
				5BB513601676354B007014E8 /* NIPagingScrollView.h */,
				5BB513611676354B007014E8 /* NIPagingScrollView.m */,
				5BB513621676354B007014E8 /* NIPagingScrollView+Subclassing.h */,
				5BB513631676354B007014E8 /* NIPagingScrollViewDataSource.h */,
				5BB513641676354B007014E8 /* NIPagingScrollViewDelegate.h */,
				5BB513651676354B007014E8 /* NIPagingScrollViewPage.h */,
			);
			name = PagingScrollView;
			sourceTree = "<group>";
		};
		5BB513681676354F007014E8 /* Photos */ = {
			isa = PBXGroup;
			children = (
				5BB513691676355F007014E8 /* NimbusPhotos.h */,
				5BB5136A1676355F007014E8 /* NimbusPhotos+Namespace.h */,
				5BB5136B1676355F007014E8 /* NIPhotoAlbumScrollView.h */,
				5BB5136C1676355F007014E8 /* NIPhotoAlbumScrollView.m */,
				5BB5136D1676355F007014E8 /* NIPhotoAlbumScrollViewDataSource.h */,
				5BB5136E1676355F007014E8 /* NIPhotoAlbumScrollViewDelegate.h */,
				5BB5136F1676355F007014E8 /* NIPhotoScrollView.h */,
				5BB513701676355F007014E8 /* NIPhotoScrollView.m */,
				5BB513711676355F007014E8 /* NIPhotoScrollViewDelegate.h */,
				5BB513721676355F007014E8 /* NIPhotoScrollViewPhotoSize.h */,
				5BB513731676355F007014E8 /* NIPhotoScrubberView.h */,
				5BB513741676355F007014E8 /* NIPhotoScrubberView.m */,
				5BB513751676355F007014E8 /* NIToolbarPhotoViewController.h */,
				5BB513761676355F007014E8 /* NIToolbarPhotoViewController.m */,
			);
			name = Photos;
			sourceTree = "<group>";
		};
		5BB5138316763853007014E8 /* Resources */ = {
			isa = PBXGroup;
			children = (
				5BB5138616763888007014E8 /* NimbusPhotos.bundle */,
			);
			name = Resources;
			sourceTree = "<group>";
		};
		5BDE0896166F61AC007438DD = {
			isa = PBXGroup;
			children = (
				5BB5131B167634BC007014E8 /* Nimbus */,
				5BDE08AB166F61AC007438DD /* StudyInYorkshire */,
				5BDE08A4166F61AC007438DD /* Frameworks */,
				5BDE08A2166F61AC007438DD /* Products */,
			);
			sourceTree = "<group>";
		};
		5BDE08A2166F61AC007438DD /* Products */ = {
			isa = PBXGroup;
			children = (
				5BDE08A1166F61AC007438DD /* StudyInYorkshire.app */,
			);
			name = Products;
			sourceTree = "<group>";
		};
		5BDE08A4166F61AC007438DD /* Frameworks */ = {
			isa = PBXGroup;
			children = (
				5B19598616777D6D00F96191 /* MapKit.framework */,
				5BA295141672280600DE10BD /* QuartzCore.framework */,
				5BDE08A5166F61AC007438DD /* UIKit.framework */,
				5BDE08A7166F61AC007438DD /* Foundation.framework */,
				5BDE08A9166F61AC007438DD /* CoreGraphics.framework */,
				5B66FED8166F704600BA4C65 /* CoreData.framework */,
			);
			name = Frameworks;
			sourceTree = "<group>";
		};
		5BDE08AB166F61AC007438DD /* StudyInYorkshire */ = {
			isa = PBXGroup;
			children = (
				5BDE08B4166F61AD007438DD /* AppDelegate.h */,
				5BDE08B5166F61AD007438DD /* AppDelegate.m */,
				5BDE08B7166F61AD007438DD /* MainStoryboard_iPhone.storyboard */,
				5BDE08BA166F61AD007438DD /* MainStoryboard_iPad.storyboard */,
				5B66FEED166FB61600BA4C65 /* Images */,
				5B66FEDD166F718900BA4C65 /* Models */,
				5B66FE9C166F6E6100BA4C65 /* View Controllers */,
				5BA294DD167221DA00DE10BD /* assets */,
				5BDE08AC166F61AC007438DD /* Supporting Files */,
				5BB5138316763853007014E8 /* Resources */,
			);
			path = StudyInYorkshire;
			sourceTree = "<group>";
		};
		5BDE08AC166F61AC007438DD /* Supporting Files */ = {
			isa = PBXGroup;
			children = (
				5B60AFCD16778DC700A35818 /* StudyInYorkshire.sqlite */,
				5B20B1A31670CED4005C7856 /* page.css */,
				5BDE08AD166F61AC007438DD /* StudyInYorkshire-Info.plist */,
				5BDE08AE166F61AC007438DD /* InfoPlist.strings */,
				5BDE08B1166F61AC007438DD /* main.m */,
				5BDE08B3166F61AC007438DD /* StudyInYorkshire-Prefix.pch */,
			);
			name = "Supporting Files";
			sourceTree = "<group>";
		};
/* End PBXGroup section */

/* Begin PBXNativeTarget section */
		5BDE08A0166F61AC007438DD /* StudyInYorkshire */ = {
			isa = PBXNativeTarget;
			buildConfigurationList = 5BDE08CD166F61AD007438DD /* Build configuration list for PBXNativeTarget "StudyInYorkshire" */;
			buildPhases = (
				5BDE089D166F61AC007438DD /* Sources */,
				5BDE089E166F61AC007438DD /* Frameworks */,
				5BDE089F166F61AC007438DD /* Resources */,
			);
			buildRules = (
			);
			dependencies = (
			);
			name = StudyInYorkshire;
			productName = StudyInYorkshire;
			productReference = 5BDE08A1166F61AC007438DD /* StudyInYorkshire.app */;
			productType = "com.apple.product-type.application";
		};
/* End PBXNativeTarget section */

/* Begin PBXProject section */
		5BDE0898166F61AC007438DD /* Project object */ = {
			isa = PBXProject;
			attributes = {
				LastUpgradeCheck = 0420;
				ORGANIZATIONNAME = Yoomee;
			};
			buildConfigurationList = 5BDE089B166F61AC007438DD /* Build configuration list for PBXProject "StudyInYorkshire" */;
			compatibilityVersion = "Xcode 3.2";
			developmentRegion = English;
			hasScannedForEncodings = 0;
			knownRegions = (
				en,
			);
			mainGroup = 5BDE0896166F61AC007438DD;
			productRefGroup = 5BDE08A2166F61AC007438DD /* Products */;
			projectDirPath = "";
			projectRoot = "";
			targets = (
				5BDE08A0166F61AC007438DD /* StudyInYorkshire */,
			);
		};
/* End PBXProject section */

/* Begin PBXResourcesBuildPhase section */
		5BDE089F166F61AC007438DD /* Resources */ = {
			isa = PBXResourcesBuildPhase;
			buildActionMask = 2147483647;
			files = (
				5BA294DE167221DA00DE10BD /* assets in Resources */,
				5BDE08B0166F61AC007438DD /* InfoPlist.strings in Resources */,
				5BDE08B9166F61AD007438DD /* MainStoryboard_iPhone.storyboard in Resources */,
				5BDE08BC166F61AD007438DD /* MainStoryboard_iPad.storyboard in Resources */,
				5B66FEFB166FB61600BA4C65 /* icon_favourites.png in Resources */,
				5B66FEFC166FB61600BA4C65 /* icon_favourites@2x.png in Resources */,
				5B66FEFD166FB61600BA4C65 /* icon_home.png in Resources */,
				5B66FEFE166FB61600BA4C65 /* icon_home@2x.png in Resources */,
				5B66FEFF166FB61600BA4C65 /* icon_info.png in Resources */,
				5B66FF00166FB61600BA4C65 /* icon_info@2x.png in Resources */,
				5B66FF01166FB61600BA4C65 /* icon_map.png in Resources */,
				5B66FF02166FB61600BA4C65 /* icon_map@2x.png in Resources */,
				5B66FF03166FB61600BA4C65 /* icon_photo.png in Resources */,
				5B66FF04166FB61600BA4C65 /* icon_photo@2x.png in Resources */,
				5B66FF05166FB61600BA4C65 /* icon_share.png in Resources */,
				5B66FF06166FB61600BA4C65 /* icon_share@2x.png in Resources */,
				5B66FF08166FBCCB00BA4C65 /* Icon.png in Resources */,
				5B66FF0A166FBCCE00BA4C65 /* Icon@2x.png in Resources */,
				5B66FF0C166FBCE500BA4C65 /* Icon-72.png in Resources */,
				5B20B1A51670CED4005C7856 /* page.css in Resources */,
				5B20B1BD1670FC64005C7856 /* background_1.jpg in Resources */,
				5B20B1BE1670FC64005C7856 /* background_10.jpg in Resources */,
				5B20B1BF1670FC64005C7856 /* background_11.jpg in Resources */,
				5B20B1C01670FC64005C7856 /* background_12.jpg in Resources */,
				5B20B1C11670FC64005C7856 /* background_13.jpg in Resources */,
				5B20B1C21670FC64005C7856 /* background_14.jpg in Resources */,
				5B20B1C31670FC64005C7856 /* background_15.jpg in Resources */,
				5B20B1C41670FC64005C7856 /* background_2.jpg in Resources */,
				5B20B1C51670FC64005C7856 /* background_3.jpg in Resources */,
				5B20B1C61670FC64005C7856 /* background_4.jpg in Resources */,
				5B20B1C71670FC64005C7856 /* background_5.jpg in Resources */,
				5B20B1C81670FC64005C7856 /* background_6.jpg in Resources */,
				5B20B1C91670FC64005C7856 /* background_7.jpg in Resources */,
				5B20B1CA1670FC64005C7856 /* background_8.jpg in Resources */,
				5B20B1CB1670FC64005C7856 /* background_9.jpg in Resources */,
				5BA294FA1672239900DE10BD /* header_1.jpg in Resources */,
				5BA294FB1672239900DE10BD /* header_10.jpg in Resources */,
				5BA294FC1672239900DE10BD /* header_11.jpg in Resources */,
				5BA294FD1672239900DE10BD /* header_12.jpg in Resources */,
				5BA294FE1672239900DE10BD /* header_13.jpg in Resources */,
				5BA294FF1672239900DE10BD /* header_14.jpg in Resources */,
				5BA295001672239900DE10BD /* header_15.jpg in Resources */,
				5BA295011672239900DE10BD /* header_16.jpg in Resources */,
				5BA295021672239900DE10BD /* header_17.jpg in Resources */,
				5BA295031672239900DE10BD /* header_18.jpg in Resources */,
				5BA295041672239900DE10BD /* header_19.jpg in Resources */,
				5BA295051672239900DE10BD /* header_2.jpg in Resources */,
				5BA295061672239900DE10BD /* header_20.jpg in Resources */,
				5BA295071672239900DE10BD /* header_21.jpg in Resources */,
				5BA295081672239900DE10BD /* header_22.jpg in Resources */,
				5BA295091672239900DE10BD /* header_23.jpg in Resources */,
				5BA2950A1672239900DE10BD /* header_24.jpg in Resources */,
				5BA2950B1672239900DE10BD /* header_25.jpg in Resources */,
				5BA2950C1672239900DE10BD /* header_26.jpg in Resources */,
				5BA2950D1672239900DE10BD /* header_3.jpg in Resources */,
				5BA2950E1672239900DE10BD /* header_4.jpg in Resources */,
				5BA2950F1672239900DE10BD /* header_5.jpg in Resources */,
				5BA295101672239900DE10BD /* header_6.jpg in Resources */,
				5BA295111672239900DE10BD /* header_7.jpg in Resources */,
				5BA295121672239900DE10BD /* header_8.jpg in Resources */,
				5BA295131672239900DE10BD /* header_9.jpg in Resources */,
				5BB5138716763888007014E8 /* NimbusPhotos.bundle in Resources */,
				5B60AFCE16778DC700A35818 /* StudyInYorkshire.sqlite in Resources */,
			);
			runOnlyForDeploymentPostprocessing = 0;
		};
/* End PBXResourcesBuildPhase section */

/* Begin PBXSourcesBuildPhase section */
		5BDE089D166F61AC007438DD /* Sources */ = {
			isa = PBXSourcesBuildPhase;
			buildActionMask = 2147483647;
			files = (
				5BDE08B2166F61AC007438DD /* main.m in Sources */,
				5BDE08B6166F61AD007438DD /* AppDelegate.m in Sources */,
				5BDE08BF166F61AD007438DD /* PageViewController.m in Sources */,
				5BDE08C6166F61AD007438DD /* PhotosViewController.m in Sources */,
				5B66FEE4166F751800BA4C65 /* StudyInYorkshire.xcdatamodeld in Sources */,
				5B20B1AC1670F9AB005C7856 /* Page.m in Sources */,
				5BB5130E1675FF2B007014E8 /* Photo.m in Sources */,
				5BB513491676353A007014E8 /* NICommonMetrics.m in Sources */,
				5BB5134A1676353A007014E8 /* NIDataStructures.m in Sources */,
				5BB5134B1676353A007014E8 /* NIDebuggingTools.m in Sources */,
				5BB5134C1676353A007014E8 /* NIDeviceOrientation.m in Sources */,
				5BB5134D1676353A007014E8 /* NIError.m in Sources */,
				5BB5134E1676353A007014E8 /* NIFoundationMethods.m in Sources */,
				5BB5134F1676353A007014E8 /* NIInMemoryCache.m in Sources */,
				5BB513501676353A007014E8 /* NINavigationAppearance.m in Sources */,
				5BB513511676353A007014E8 /* NINetworkActivity.m in Sources */,
				5BB513521676353A007014E8 /* NINonEmptyCollectionTesting.m in Sources */,
				5BB513531676353A007014E8 /* NINonRetainingCollections.m in Sources */,
				5BB513541676353A007014E8 /* NIOperations.m in Sources */,
				5BB513551676353A007014E8 /* NIPaths.m in Sources */,
				5BB513561676353A007014E8 /* NIRuntimeClassModifications.m in Sources */,
				5BB513571676353A007014E8 /* NISDKAvailability.m in Sources */,
				5BB513581676353A007014E8 /* NISnapshotRotation.m in Sources */,
				5BB513591676353A007014E8 /* NIState.m in Sources */,
				5BB5135A1676353A007014E8 /* NIViewRecycler.m in Sources */,
				5BB5135B1676353A007014E8 /* NSString+NimbusCore.m in Sources */,
				5BB513661676354B007014E8 /* NIPageView.m in Sources */,
				5BB513671676354B007014E8 /* NIPagingScrollView.m in Sources */,
				5BB513771676355F007014E8 /* NIPhotoAlbumScrollView.m in Sources */,
				5BB513781676355F007014E8 /* NIPhotoScrollView.m in Sources */,
				5BB513791676355F007014E8 /* NIPhotoScrubberView.m in Sources */,
				5BB5137A1676355F007014E8 /* NIToolbarPhotoViewController.m in Sources */,
				5BB51393167645CC007014E8 /* PhotoViewController.m in Sources */,
				5B19598B16777E0200F96191 /* MapViewController.m in Sources */,
				5B9CEDA31678B4BB00B93934 /* FavouritesViewController.m in Sources */,
			);
			runOnlyForDeploymentPostprocessing = 0;
		};
/* End PBXSourcesBuildPhase section */

/* Begin PBXVariantGroup section */
		5B20B1A31670CED4005C7856 /* page.css */ = {
			isa = PBXVariantGroup;
			children = (
				5B20B1A41670CED4005C7856 /* en */,
			);
			name = page.css;
			sourceTree = "<group>";
		};
		5BDE08AE166F61AC007438DD /* InfoPlist.strings */ = {
			isa = PBXVariantGroup;
			children = (
				5BDE08AF166F61AC007438DD /* en */,
			);
			name = InfoPlist.strings;
			sourceTree = "<group>";
		};
		5BDE08B7166F61AD007438DD /* MainStoryboard_iPhone.storyboard */ = {
			isa = PBXVariantGroup;
			children = (
				5BDE08B8166F61AD007438DD /* en */,
			);
			name = MainStoryboard_iPhone.storyboard;
			sourceTree = "<group>";
		};
		5BDE08BA166F61AD007438DD /* MainStoryboard_iPad.storyboard */ = {
			isa = PBXVariantGroup;
			children = (
				5BDE08BB166F61AD007438DD /* en */,
			);
			name = MainStoryboard_iPad.storyboard;
			sourceTree = "<group>";
		};
/* End PBXVariantGroup section */

/* Begin XCBuildConfiguration section */
		5BDE08CB166F61AD007438DD /* Debug */ = {
			isa = XCBuildConfiguration;
			buildSettings = {
				ALWAYS_SEARCH_USER_PATHS = NO;
				ARCHS = "$(ARCHS_STANDARD_32_BIT)";
				CLANG_ENABLE_OBJC_ARC = YES;
				"CODE_SIGN_IDENTITY[sdk=iphoneos*]" = "iPhone Developer";
				COPY_PHASE_STRIP = NO;
				GCC_C_LANGUAGE_STANDARD = gnu99;
				GCC_DYNAMIC_NO_PIC = NO;
				GCC_OPTIMIZATION_LEVEL = 0;
				GCC_PREPROCESSOR_DEFINITIONS = (
					"DEBUG=1",
					"$(inherited)",
				);
				GCC_SYMBOLS_PRIVATE_EXTERN = NO;
				GCC_VERSION = com.apple.compilers.llvm.clang.1_0;
				GCC_WARN_ABOUT_MISSING_PROTOTYPES = YES;
				GCC_WARN_ABOUT_RETURN_TYPE = YES;
				GCC_WARN_UNUSED_VARIABLE = YES;
				IPHONEOS_DEPLOYMENT_TARGET = 6.0;
				SDKROOT = iphoneos;
				TARGETED_DEVICE_FAMILY = "1,2";
			};
			name = Debug;
		};
		5BDE08CC166F61AD007438DD /* Release */ = {
			isa = XCBuildConfiguration;
			buildSettings = {
				ALWAYS_SEARCH_USER_PATHS = NO;
				ARCHS = "$(ARCHS_STANDARD_32_BIT)";
				CLANG_ENABLE_OBJC_ARC = YES;
				"CODE_SIGN_IDENTITY[sdk=iphoneos*]" = "iPhone Developer";
				COPY_PHASE_STRIP = YES;
				GCC_C_LANGUAGE_STANDARD = gnu99;
				GCC_VERSION = com.apple.compilers.llvm.clang.1_0;
				GCC_WARN_ABOUT_MISSING_PROTOTYPES = YES;
				GCC_WARN_ABOUT_RETURN_TYPE = YES;
				GCC_WARN_UNUSED_VARIABLE = YES;
				IPHONEOS_DEPLOYMENT_TARGET = 6.0;
				OTHER_CFLAGS = "-DNS_BLOCK_ASSERTIONS=1";
				SDKROOT = iphoneos;
				TARGETED_DEVICE_FAMILY = "1,2";
				VALIDATE_PRODUCT = YES;
			};
			name = Release;
		};
		5BDE08CE166F61AD007438DD /* Debug */ = {
			isa = XCBuildConfiguration;
			buildSettings = {
				GCC_PRECOMPILE_PREFIX_HEADER = YES;
				GCC_PREFIX_HEADER = "StudyInYorkshire/StudyInYorkshire-Prefix.pch";
				INFOPLIST_FILE = "StudyInYorkshire/StudyInYorkshire-Info.plist";
				IPHONEOS_DEPLOYMENT_TARGET = 5.0;
				PRODUCT_NAME = "$(TARGET_NAME)";
				SDKROOT = iphoneos5.1;
				TARGETED_DEVICE_FAMILY = "1,2";
				WRAPPER_EXTENSION = app;
			};
			name = Debug;
		};
		5BDE08CF166F61AD007438DD /* Release */ = {
			isa = XCBuildConfiguration;
			buildSettings = {
				CODE_SIGN_IDENTITY = "iPhone Distribution: Yoomee";
				GCC_PRECOMPILE_PREFIX_HEADER = YES;
				GCC_PREFIX_HEADER = "StudyInYorkshire/StudyInYorkshire-Prefix.pch";
				INFOPLIST_FILE = "StudyInYorkshire/StudyInYorkshire-Info.plist";
				IPHONEOS_DEPLOYMENT_TARGET = 5.0;
				PRODUCT_NAME = "$(TARGET_NAME)";
				PROVISIONING_PROFILE = "2DEBC683-B95E-4E82-B9DD-AD155904426C";
				SDKROOT = iphoneos5.1;
				TARGETED_DEVICE_FAMILY = "1,2";
				WRAPPER_EXTENSION = app;
			};
			name = Release;
		};
/* End XCBuildConfiguration section */

/* Begin XCConfigurationList section */
		5BDE089B166F61AC007438DD /* Build configuration list for PBXProject "StudyInYorkshire" */ = {
			isa = XCConfigurationList;
			buildConfigurations = (
				5BDE08CB166F61AD007438DD /* Debug */,
				5BDE08CC166F61AD007438DD /* Release */,
			);
			defaultConfigurationIsVisible = 0;
			defaultConfigurationName = Release;
		};
		5BDE08CD166F61AD007438DD /* Build configuration list for PBXNativeTarget "StudyInYorkshire" */ = {
			isa = XCConfigurationList;
			buildConfigurations = (
				5BDE08CE166F61AD007438DD /* Debug */,
				5BDE08CF166F61AD007438DD /* Release */,
			);
			defaultConfigurationIsVisible = 0;
			defaultConfigurationName = Release;
		};
/* End XCConfigurationList section */

/* Begin XCVersionGroup section */
		5B66FEE2166F751800BA4C65 /* StudyInYorkshire.xcdatamodeld */ = {
			isa = XCVersionGroup;
			children = (
				5B66FEE3166F751800BA4C65 /* StudyInYorkshire.xcdatamodel */,
			);
			currentVersion = 5B66FEE3166F751800BA4C65 /* StudyInYorkshire.xcdatamodel */;
			path = StudyInYorkshire.xcdatamodeld;
			sourceTree = "<group>";
			versionGroupType = wrapper.xcdatamodel;
		};
/* End XCVersionGroup section */
	};
	rootObject = 5BDE0898166F61AC007438DD /* Project object */;
}
